
Microsoft Visual Studio Solution File, Format Version 12.00
# Visual Studio Version 16
VisualStudioVersion = 16.0.30711.63
MinimumVisualStudioVersion = 10.0.40219.1
Project("{FAE04EC0-301F-11D3-BF4B-00C04F79EFBC}") = "WeeklyAssesment1", "WeeklyAssesment1.csproj", "{17A87290-8D07-4F1A-B0A7-D2C1F9532B83}"
EndProject
Global
	GlobalSection(SolutionConfigurationPlatforms) = preSolution
		Debug|Any CPU = Debug|Any CPU
		Release|Any CPU = Release|Any CPU
	EndGlobalSection
	GlobalSection(ProjectConfigurationPlatforms) = postSolution
		{17A87290-8D07-4F1A-B0A7-D2C1F9532B83}.Debug|Any CPU.ActiveCfg = Debug|Any CPU
		{17A87290-8D07-4F1A-B0A7-D2C1F9532B83}.Debug|Any CPU.Build.0 = Debug|Any CPU
		{17A87290-8D07-4F1A-B0A7-D2C1F9532B83}.Release|Any CPU.ActiveCfg = Release|Any CPU
		{17A87290-8D07-4F1A-B0A7-D2C1F9532B83}.Release|Any CPU.Build.0 = Release|Any CPU
	EndGlobalSection
	GlobalSection(SolutionProperties) = preSolution
		HideSolutionNode = FALSE
	EndGlobalSection
	GlobalSection(ExtensibilityGlobals) = postSolution
		SolutionGuid = {59D63A08-0457-4CCC-B11C-44195945F9BF}
	EndGlobalSection
EndGlobal
